
Microsoft Visual Studio Solution File, Format Version 12.00
# Visual Studio Version 17
VisualStudioVersion = 17.0.31903.59
MinimumVisualStudioVersion = 10.0.40219.1
Project("{FAE04EC0-301F-11D3-BF4B-00C04F79EFBC}") = "NomogramPrint", "NomogramPrint\NomogramPrint.csproj", "{4C0F3331-5021-4F42-9A4E-CB5AA05D6B81}"
EndProject
Global
	GlobalSection(SolutionConfigurationPlatforms) = preSolution
		Debug|Any CPU = Debug|Any CPU
		Release|Any CPU = Release|Any CPU
	EndGlobalSection
	GlobalSection(ProjectConfigurationPlatforms) = postSolution
		{4C0F3331-5021-4F42-9A4E-CB5AA05D6B81}.Debug|Any CPU.ActiveCfg = Debug|Any CPU
		{4C0F3331-5021-4F42-9A4E-CB5AA05D6B81}.Debug|Any CPU.Build.0 = Debug|Any CPU
		{4C0F3331-5021-4F42-9A4E-CB5AA05D6B81}.Release|Any CPU.ActiveCfg = Release|Any CPU
		{4C0F3331-5021-4F42-9A4E-CB5AA05D6B81}.Release|Any CPU.Build.0 = Release|Any CPU
	EndGlobalSection
	GlobalSection(SolutionProperties) = preSolution
		HideSolutionNode = FALSE
	EndGlobalSection
	GlobalSection(ExtensibilityGlobals) = postSolution
		SolutionGuid = {E87C0979-E2B2-41A9-9FEB-AAFDDE3992DA}
	EndGlobalSection
EndGlobal
